
Microsoft Visual Studio Solution File, Format Version 12.00
# Visual Studio 15
VisualStudioVersion = 15.0.27130.2036
MinimumVisualStudioVersion = 10.0.40219.1
Project("{9A19103F-16F7-4668-BE54-9A1E7A4F7556}") = "GMS2.Core", "GMS2.Core\GMS2.Core.csproj", "{0401AB65-C162-4F08-ABF9-BDF9CD536CA2}"
	ProjectSection(ProjectDependencies) = postProject
		{70FB7A1A-9717-4338-8CB6-92B9CDDEFF4E} = {70FB7A1A-9717-4338-8CB6-92B9CDDEFF4E}
	EndProjectSection
EndProject
Project("{9A19103F-16F7-4668-BE54-9A1E7A4F7556}") = "GMS.Data", "GMS.Data\GMS.Data.csproj", "{70FB7A1A-9717-4338-8CB6-92B9CDDEFF4E}"
EndProject
Project("{FAE04EC0-301F-11D3-BF4B-00C04F79EFBC}") = "GMS2.UnitTests", "GMS2.UnitTests\GMS2.UnitTests.csproj", "{973EAC46-EAE6-475E-A793-4517F4FA02CC}"
EndProject
Global
	GlobalSection(SolutionConfigurationPlatforms) = preSolution
		Debug|Any CPU = Debug|Any CPU
		Release|Any CPU = Release|Any CPU
	EndGlobalSection
	GlobalSection(ProjectConfigurationPlatforms) = postSolution
		{0401AB65-C162-4F08-ABF9-BDF9CD536CA2}.Debug|Any CPU.ActiveCfg = Debug|Any CPU
		{0401AB65-C162-4F08-ABF9-BDF9CD536CA2}.Debug|Any CPU.Build.0 = Debug|Any CPU
		{0401AB65-C162-4F08-ABF9-BDF9CD536CA2}.Release|Any CPU.ActiveCfg = Release|Any CPU
		{0401AB65-C162-4F08-ABF9-BDF9CD536CA2}.Release|Any CPU.Build.0 = Release|Any CPU
		{70FB7A1A-9717-4338-8CB6-92B9CDDEFF4E}.Debug|Any CPU.ActiveCfg = Debug|Any CPU
		{70FB7A1A-9717-4338-8CB6-92B9CDDEFF4E}.Debug|Any CPU.Build.0 = Debug|Any CPU
		{70FB7A1A-9717-4338-8CB6-92B9CDDEFF4E}.Release|Any CPU.ActiveCfg = Release|Any CPU
		{70FB7A1A-9717-4338-8CB6-92B9CDDEFF4E}.Release|Any CPU.Build.0 = Release|Any CPU
		{973EAC46-EAE6-475E-A793-4517F4FA02CC}.Debug|Any CPU.ActiveCfg = Debug|Any CPU
		{973EAC46-EAE6-475E-A793-4517F4FA02CC}.Debug|Any CPU.Build.0 = Debug|Any CPU
		{973EAC46-EAE6-475E-A793-4517F4FA02CC}.Release|Any CPU.ActiveCfg = Release|Any CPU
		{973EAC46-EAE6-475E-A793-4517F4FA02CC}.Release|Any CPU.Build.0 = Release|Any CPU
	EndGlobalSection
	GlobalSection(SolutionProperties) = preSolution
		HideSolutionNode = FALSE
	EndGlobalSection
	GlobalSection(ExtensibilityGlobals) = postSolution
		SolutionGuid = {A611AD97-8B81-4A59-B918-82916172779B}
	EndGlobalSection
EndGlobal
